
Microsoft Visual Studio Solution File, Format Version 12.00
# Visual Studio Version 17
VisualStudioVersion = 17.10.35013.160
MinimumVisualStudioVersion = 10.0.40219.1
Project("{FAE04EC0-301F-11D3-BF4B-00C04F79EFBC}") = "DesafioObj", "DesafioObj.csproj", "{41456FDC-4BF4-4657-870F-7D270BC7BAD6}"
EndProject
Global
	GlobalSection(SolutionConfigurationPlatforms) = preSolution
		Debug|Any CPU = Debug|Any CPU
		Release|Any CPU = Release|Any CPU
	EndGlobalSection
	GlobalSection(ProjectConfigurationPlatforms) = postSolution
		{41456FDC-4BF4-4657-870F-7D270BC7BAD6}.Debug|Any CPU.ActiveCfg = Debug|Any CPU
		{41456FDC-4BF4-4657-870F-7D270BC7BAD6}.Debug|Any CPU.Build.0 = Debug|Any CPU
		{41456FDC-4BF4-4657-870F-7D270BC7BAD6}.Release|Any CPU.ActiveCfg = Release|Any CPU
		{41456FDC-4BF4-4657-870F-7D270BC7BAD6}.Release|Any CPU.Build.0 = Release|Any CPU
	EndGlobalSection
	GlobalSection(SolutionProperties) = preSolution
		HideSolutionNode = FALSE
	EndGlobalSection
	GlobalSection(ExtensibilityGlobals) = postSolution
		SolutionGuid = {9F3E1AD4-6EFB-4FCD-8145-19C6E62933DB}
	EndGlobalSection
EndGlobal
